// !$*UTF8*$!
{
	archiveVersion = 1;
	classes = {
	};
	objectVersion = 56;
	objects = {

/* Begin PBXBuildFile section */
		913050DB2A6EE220006D4974 /* TriviaGameDemoApp.swift in Sources */ = {isa = PBXBuildFile; fileRef = 913050DA2A6EE220006D4974 /* TriviaGameDemoApp.swift */; };
		913050DD2A6EE220006D4974 /* ContentView.swift in Sources */ = {isa = PBXBuildFile; fileRef = 913050DC2A6EE220006D4974 /* ContentView.swift */; };
		913050DF2A6EE222006D4974 /* Assets.xcassets in Resources */ = {isa = PBXBuildFile; fileRef = 913050DE2A6EE222006D4974 /* Assets.xcassets */; };
		913050E22A6EE222006D4974 /* Preview Assets.xcassets in Resources */ = {isa = PBXBuildFile; fileRef = 913050E12A6EE222006D4974 /* Preview Assets.xcassets */; };
		913050EA2A6EE3C0006D4974 /* PrimaryButton.swift in Sources */ = {isa = PBXBuildFile; fileRef = 913050E92A6EE3C0006D4974 /* PrimaryButton.swift */; };
		913050ED2A6EE8EE006D4974 /* Extension.swift in Sources */ = {isa = PBXBuildFile; fileRef = 913050EC2A6EE8EE006D4974 /* Extension.swift */; };
		913050EF2A6EFC66006D4974 /* QuestionView.swift in Sources */ = {isa = PBXBuildFile; fileRef = 913050EE2A6EFC66006D4974 /* QuestionView.swift */; };
		913050F12A6EFD85006D4974 /* ProgressBar.swift in Sources */ = {isa = PBXBuildFile; fileRef = 913050F02A6EFD85006D4974 /* ProgressBar.swift */; };
		913050F42A6F01DD006D4974 /* Answer.swift in Sources */ = {isa = PBXBuildFile; fileRef = 913050F32A6F01DD006D4974 /* Answer.swift */; };
		913050F62A6F0260006D4974 /* AnswerRow.swift in Sources */ = {isa = PBXBuildFile; fileRef = 913050F52A6F0260006D4974 /* AnswerRow.swift */; };
		913050F82A6F0851006D4974 /* TriviaView.swift in Sources */ = {isa = PBXBuildFile; fileRef = 913050F72A6F0851006D4974 /* TriviaView.swift */; };
		913050FA2A6F150F006D4974 /* Trivia.swift in Sources */ = {isa = PBXBuildFile; fileRef = 913050F92A6F150F006D4974 /* Trivia.swift */; };
		913050FC2A6F19AE006D4974 /* TriciaManager.swift in Sources */ = {isa = PBXBuildFile; fileRef = 913050FB2A6F19AE006D4974 /* TriciaManager.swift */; };
/* End PBXBuildFile section */

/* Begin PBXFileReference section */
		913050D72A6EE220006D4974 /* TriviaGameDemo.app */ = {isa = PBXFileReference; explicitFileType = wrapper.application; includeInIndex = 0; path = TriviaGameDemo.app; sourceTree = BUILT_PRODUCTS_DIR; };
		913050DA2A6EE220006D4974 /* TriviaGameDemoApp.swift */ = {isa = PBXFileReference; lastKnownFileType = sourcecode.swift; path = TriviaGameDemoApp.swift; sourceTree = "<group>"; };
		913050DC2A6EE220006D4974 /* ContentView.swift */ = {isa = PBXFileReference; lastKnownFileType = sourcecode.swift; path = ContentView.swift; sourceTree = "<group>"; };
		913050DE2A6EE222006D4974 /* Assets.xcassets */ = {isa = PBXFileReference; lastKnownFileType = folder.assetcatalog; path = Assets.xcassets; sourceTree = "<group>"; };
		913050E12A6EE222006D4974 /* Preview Assets.xcassets */ = {isa = PBXFileReference; lastKnownFileType = folder.assetcatalog; path = "Preview Assets.xcassets"; sourceTree = "<group>"; };
		913050E92A6EE3C0006D4974 /* PrimaryButton.swift */ = {isa = PBXFileReference; lastKnownFileType = sourcecode.swift; path = PrimaryButton.swift; sourceTree = "<group>"; };
		913050EC2A6EE8EE006D4974 /* Extension.swift */ = {isa = PBXFileReference; lastKnownFileType = sourcecode.swift; path = Extension.swift; sourceTree = "<group>"; };
		913050EE2A6EFC66006D4974 /* QuestionView.swift */ = {isa = PBXFileReference; lastKnownFileType = sourcecode.swift; path = QuestionView.swift; sourceTree = "<group>"; };
		913050F02A6EFD85006D4974 /* ProgressBar.swift */ = {isa = PBXFileReference; lastKnownFileType = sourcecode.swift; path = ProgressBar.swift; sourceTree = "<group>"; };
		913050F32A6F01DD006D4974 /* Answer.swift */ = {isa = PBXFileReference; lastKnownFileType = sourcecode.swift; path = Answer.swift; sourceTree = "<group>"; };
		913050F52A6F0260006D4974 /* AnswerRow.swift */ = {isa = PBXFileReference; lastKnownFileType = sourcecode.swift; path = AnswerRow.swift; sourceTree = "<group>"; };
		913050F72A6F0851006D4974 /* TriviaView.swift */ = {isa = PBXFileReference; lastKnownFileType = sourcecode.swift; path = TriviaView.swift; sourceTree = "<group>"; };
		913050F92A6F150F006D4974 /* Trivia.swift */ = {isa = PBXFileReference; lastKnownFileType = sourcecode.swift; path = Trivia.swift; sourceTree = "<group>"; };
		913050FB2A6F19AE006D4974 /* TriciaManager.swift */ = {isa = PBXFileReference; lastKnownFileType = sourcecode.swift; path = TriciaManager.swift; sourceTree = "<group>"; };
/* End PBXFileReference section */

/* Begin PBXFrameworksBuildPhase section */
		913050D42A6EE220006D4974 /* Frameworks */ = {
			isa = PBXFrameworksBuildPhase;
			buildActionMask = 2147483647;
			files = (
			);
			runOnlyForDeploymentPostprocessing = 0;
		};
/* End PBXFrameworksBuildPhase section */

/* Begin PBXGroup section */
		913050CE2A6EE220006D4974 = {
			isa = PBXGroup;
			children = (
				913050D92A6EE220006D4974 /* TriviaGameDemo */,
				913050D82A6EE220006D4974 /* Products */,
			);
			sourceTree = "<group>";
		};
		913050D82A6EE220006D4974 /* Products */ = {
			isa = PBXGroup;
			children = (
				913050D72A6EE220006D4974 /* TriviaGameDemo.app */,
			);
			name = Products;
			sourceTree = "<group>";
		};
		913050D92A6EE220006D4974 /* TriviaGameDemo */ = {
			isa = PBXGroup;
			children = (
				913050DA2A6EE220006D4974 /* TriviaGameDemoApp.swift */,
				913050EB2A6EE4A9006D4974 /* Views */,
				913050E82A6EE3A3006D4974 /* Components */,
				913050DE2A6EE222006D4974 /* Assets.xcassets */,
				913050E02A6EE222006D4974 /* Preview Content */,
				913050EC2A6EE8EE006D4974 /* Extension.swift */,
				913050FB2A6F19AE006D4974 /* TriciaManager.swift */,
			);
			path = TriviaGameDemo;
			sourceTree = "<group>";
		};
		913050E02A6EE222006D4974 /* Preview Content */ = {
			isa = PBXGroup;
			children = (
				913050E12A6EE222006D4974 /* Preview Assets.xcassets */,
			);
			path = "Preview Content";
			sourceTree = "<group>";
		};
		913050E82A6EE3A3006D4974 /* Components */ = {
			isa = PBXGroup;
			children = (
				913050E92A6EE3C0006D4974 /* PrimaryButton.swift */,
				913050F02A6EFD85006D4974 /* ProgressBar.swift */,
				913050F22A6F01C6006D4974 /* Modols */,
				913050F52A6F0260006D4974 /* AnswerRow.swift */,
			);
			path = Components;
			sourceTree = "<group>";
		};
		913050EB2A6EE4A9006D4974 /* Views */ = {
			isa = PBXGroup;
			children = (
				913050DC2A6EE220006D4974 /* ContentView.swift */,
				913050EE2A6EFC66006D4974 /* QuestionView.swift */,
				913050F72A6F0851006D4974 /* TriviaView.swift */,
			);
			path = Views;
			sourceTree = "<group>";
		};
		913050F22A6F01C6006D4974 /* Modols */ = {
			isa = PBXGroup;
			children = (
				913050F32A6F01DD006D4974 /* Answer.swift */,
				913050F92A6F150F006D4974 /* Trivia.swift */,
			);
			path = Modols;
			sourceTree = "<group>";
		};
/* End PBXGroup section */

/* Begin PBXNativeTarget section */
		913050D62A6EE220006D4974 /* TriviaGameDemo */ = {
			isa = PBXNativeTarget;
			buildConfigurationList = 913050E52A6EE222006D4974 /* Build configuration list for PBXNativeTarget "TriviaGameDemo" */;
			buildPhases = (
				913050D32A6EE220006D4974 /* Sources */,
				913050D42A6EE220006D4974 /* Frameworks */,
				913050D52A6EE220006D4974 /* Resources */,
			);
			buildRules = (
			);
			dependencies = (
			);
			name = TriviaGameDemo;
			productName = TriviaGameDemo;
			productReference = 913050D72A6EE220006D4974 /* TriviaGameDemo.app */;
			productType = "com.apple.product-type.application";
		};
/* End PBXNativeTarget section */

/* Begin PBXProject section */
		913050CF2A6EE220006D4974 /* Project object */ = {
			isa = PBXProject;
			attributes = {
				BuildIndependentTargetsInParallel = 1;
				LastSwiftUpdateCheck = 1430;
				LastUpgradeCheck = 1430;
				TargetAttributes = {
					913050D62A6EE220006D4974 = {
						CreatedOnToolsVersion = 14.3.1;
					};
				};
			};
			buildConfigurationList = 913050D22A6EE220006D4974 /* Build configuration list for PBXProject "TriviaGameDemo" */;
			compatibilityVersion = "Xcode 14.0";
			developmentRegion = en;
			hasScannedForEncodings = 0;
			knownRegions = (
				en,
				Base,
			);
			mainGroup = 913050CE2A6EE220006D4974;
			productRefGroup = 913050D82A6EE220006D4974 /* Products */;
			projectDirPath = "";
			projectRoot = "";
			targets = (
				913050D62A6EE220006D4974 /* TriviaGameDemo */,
			);
		};
/* End PBXProject section */

/* Begin PBXResourcesBuildPhase section */
		913050D52A6EE220006D4974 /* Resources */ = {
			isa = PBXResourcesBuildPhase;
			buildActionMask = 2147483647;
			files = (
				913050E22A6EE222006D4974 /* Preview Assets.xcassets in Resources */,
				913050DF2A6EE222006D4974 /* Assets.xcassets in Resources */,
			);
			runOnlyForDeploymentPostprocessing = 0;
		};
/* End PBXResourcesBuildPhase section */

/* Begin PBXSourcesBuildPhase section */
		913050D32A6EE220006D4974 /* Sources */ = {
			isa = PBXSourcesBuildPhase;
			buildActionMask = 2147483647;
			files = (
				913050EF2A6EFC66006D4974 /* QuestionView.swift in Sources */,
				913050F82A6F0851006D4974 /* TriviaView.swift in Sources */,
				913050FA2A6F150F006D4974 /* Trivia.swift in Sources */,
				913050FC2A6F19AE006D4974 /* TriciaManager.swift in Sources */,
				913050EA2A6EE3C0006D4974 /* PrimaryButton.swift in Sources */,
				913050F62A6F0260006D4974 /* AnswerRow.swift in Sources */,
				913050DD2A6EE220006D4974 /* ContentView.swift in Sources */,
				913050F42A6F01DD006D4974 /* Answer.swift in Sources */,
				913050DB2A6EE220006D4974 /* TriviaGameDemoApp.swift in Sources */,
				913050F12A6EFD85006D4974 /* ProgressBar.swift in Sources */,
				913050ED2A6EE8EE006D4974 /* Extension.swift in Sources */,
			);
			runOnlyForDeploymentPostprocessing = 0;
		};
/* End PBXSourcesBuildPhase section */

/* Begin XCBuildConfiguration section */
		913050E32A6EE222006D4974 /* Debug */ = {
			isa = XCBuildConfiguration;
			buildSettings = {
				ALWAYS_SEARCH_USER_PATHS = NO;
				CLANG_ANALYZER_NONNULL = YES;
				CLANG_ANALYZER_NUMBER_OBJECT_CONVERSION = YES_AGGRESSIVE;
				CLANG_CXX_LANGUAGE_STANDARD = "gnu++20";
				CLANG_ENABLE_MODULES = YES;
				CLANG_ENABLE_OBJC_ARC = YES;
				CLANG_ENABLE_OBJC_WEAK = YES;
				CLANG_WARN_BLOCK_CAPTURE_AUTORELEASING = YES;
				CLANG_WARN_BOOL_CONVERSION = YES;
				CLANG_WARN_COMMA = YES;
				CLANG_WARN_CONSTANT_CONVERSION = YES;
				CLANG_WARN_DEPRECATED_OBJC_IMPLEMENTATIONS = YES;
				CLANG_WARN_DIRECT_OBJC_ISA_USAGE = YES_ERROR;
				CLANG_WARN_DOCUMENTATION_COMMENTS = YES;
				CLANG_WARN_EMPTY_BODY = YES;
				CLANG_WARN_ENUM_CONVERSION = YES;
				CLANG_WARN_INFINITE_RECURSION = YES;
				CLANG_WARN_INT_CONVERSION = YES;
				CLANG_WARN_NON_LITERAL_NULL_CONVERSION = YES;
				CLANG_WARN_OBJC_IMPLICIT_RETAIN_SELF = YES;
				CLANG_WARN_OBJC_LITERAL_CONVERSION = YES;
				CLANG_WARN_OBJC_ROOT_CLASS = YES_ERROR;
				CLANG_WARN_QUOTED_INCLUDE_IN_FRAMEWORK_HEADER = YES;
				CLANG_WARN_RANGE_LOOP_ANALYSIS = YES;
				CLANG_WARN_STRICT_PROTOTYPES = YES;
				CLANG_WARN_SUSPICIOUS_MOVE = YES;
				CLANG_WARN_UNGUARDED_AVAILABILITY = YES_AGGRESSIVE;
				CLANG_WARN_UNREACHABLE_CODE = YES;
				CLANG_WARN__DUPLICATE_METHOD_MATCH = YES;
				COPY_PHASE_STRIP = NO;
				DEBUG_INFORMATION_FORMAT = dwarf;
				ENABLE_STRICT_OBJC_MSGSEND = YES;
				ENABLE_TESTABILITY = YES;
				GCC_C_LANGUAGE_STANDARD = gnu11;
				GCC_DYNAMIC_NO_PIC = NO;
				GCC_NO_COMMON_BLOCKS = YES;
				GCC_OPTIMIZATION_LEVEL = 0;
				GCC_PREPROCESSOR_DEFINITIONS = (
					"DEBUG=1",
					"$(inherited)",
				);
				GCC_WARN_64_TO_32_BIT_CONVERSION = YES;
				GCC_WARN_ABOUT_RETURN_TYPE = YES_ERROR;
				GCC_WARN_UNDECLARED_SELECTOR = YES;
				GCC_WARN_UNINITIALIZED_AUTOS = YES_AGGRESSIVE;
				GCC_WARN_UNUSED_FUNCTION = YES;
				GCC_WARN_UNUSED_VARIABLE = YES;
				IPHONEOS_DEPLOYMENT_TARGET = 16.4;
				MTL_ENABLE_DEBUG_INFO = INCLUDE_SOURCE;
				MTL_FAST_MATH = YES;
				ONLY_ACTIVE_ARCH = YES;
				SDKROOT = iphoneos;
				SWIFT_ACTIVE_COMPILATION_CONDITIONS = DEBUG;
				SWIFT_OPTIMIZATION_LEVEL = "-Onone";
			};
			name = Debug;
		};
		913050E42A6EE222006D4974 /* Release */ = {
			isa = XCBuildConfiguration;
			buildSettings = {
				ALWAYS_SEARCH_USER_PATHS = NO;
				CLANG_ANALYZER_NONNULL = YES;
				CLANG_ANALYZER_NUMBER_OBJECT_CONVERSION = YES_AGGRESSIVE;
				CLANG_CXX_LANGUAGE_STANDARD = "gnu++20";
				CLANG_ENABLE_MODULES = YES;
				CLANG_ENABLE_OBJC_ARC = YES;
				CLANG_ENABLE_OBJC_WEAK = YES;
				CLANG_WARN_BLOCK_CAPTURE_AUTORELEASING = YES;
				CLANG_WARN_BOOL_CONVERSION = YES;
				CLANG_WARN_COMMA = YES;
				CLANG_WARN_CONSTANT_CONVERSION = YES;
				CLANG_WARN_DEPRECATED_OBJC_IMPLEMENTATIONS = YES;
				CLANG_WARN_DIRECT_OBJC_ISA_USAGE = YES_ERROR;
				CLANG_WARN_DOCUMENTATION_COMMENTS = YES;
				CLANG_WARN_EMPTY_BODY = YES;
				CLANG_WARN_ENUM_CONVERSION = YES;
				CLANG_WARN_INFINITE_RECURSION = YES;
				CLANG_WARN_INT_CONVERSION = YES;
				CLANG_WARN_NON_LITERAL_NULL_CONVERSION = YES;
				CLANG_WARN_OBJC_IMPLICIT_RETAIN_SELF = YES;
				CLANG_WARN_OBJC_LITERAL_CONVERSION = YES;
				CLANG_WARN_OBJC_ROOT_CLASS = YES_ERROR;
				CLANG_WARN_QUOTED_INCLUDE_IN_FRAMEWORK_HEADER = YES;
				CLANG_WARN_RANGE_LOOP_ANALYSIS = YES;
				CLANG_WARN_STRICT_PROTOTYPES = YES;
				CLANG_WARN_SUSPICIOUS_MOVE = YES;
				CLANG_WARN_UNGUARDED_AVAILABILITY = YES_AGGRESSIVE;
				CLANG_WARN_UNREACHABLE_CODE = YES;
				CLANG_WARN__DUPLICATE_METHOD_MATCH = YES;
				COPY_PHASE_STRIP = NO;
				DEBUG_INFORMATION_FORMAT = "dwarf-with-dsym";
				ENABLE_NS_ASSERTIONS = NO;
				ENABLE_STRICT_OBJC_MSGSEND = YES;
				GCC_C_LANGUAGE_STANDARD = gnu11;
				GCC_NO_COMMON_BLOCKS = YES;
				GCC_WARN_64_TO_32_BIT_CONVERSION = YES;
				GCC_WARN_ABOUT_RETURN_TYPE = YES_ERROR;
				GCC_WARN_UNDECLARED_SELECTOR = YES;
				GCC_WARN_UNINITIALIZED_AUTOS = YES_AGGRESSIVE;
				GCC_WARN_UNUSED_FUNCTION = YES;
				GCC_WARN_UNUSED_VARIABLE = YES;
				IPHONEOS_DEPLOYMENT_TARGET = 16.4;
				MTL_ENABLE_DEBUG_INFO = NO;
				MTL_FAST_MATH = YES;
				SDKROOT = iphoneos;
				SWIFT_COMPILATION_MODE = wholemodule;
				SWIFT_OPTIMIZATION_LEVEL = "-O";
				VALIDATE_PRODUCT = YES;
			};
			name = Release;
		};
		913050E62A6EE222006D4974 /* Debug */ = {
			isa = XCBuildConfiguration;
			buildSettings = {
				ASSETCATALOG_COMPILER_APPICON_NAME = AppIcon;
				ASSETCATALOG_COMPILER_GLOBAL_ACCENT_COLOR_NAME = AccentColor;
				CODE_SIGN_STYLE = Automatic;
				CURRENT_PROJECT_VERSION = 1;
				DEVELOPMENT_ASSET_PATHS = "\"TriviaGameDemo/Preview Content\"";
				DEVELOPMENT_TEAM = ZR5RJD7Z9T;
				ENABLE_PREVIEWS = YES;
				GENERATE_INFOPLIST_FILE = YES;
				INFOPLIST_KEY_UIApplicationSceneManifest_Generation = YES;
				INFOPLIST_KEY_UIApplicationSupportsIndirectInputEvents = YES;
				INFOPLIST_KEY_UILaunchScreen_Generation = YES;
				INFOPLIST_KEY_UISupportedInterfaceOrientations_iPad = "UIInterfaceOrientationPortrait UIInterfaceOrientationPortraitUpsideDown UIInterfaceOrientationLandscapeLeft UIInterfaceOrientationLandscapeRight";
				INFOPLIST_KEY_UISupportedInterfaceOrientations_iPhone = "UIInterfaceOrientationPortrait UIInterfaceOrientationLandscapeLeft UIInterfaceOrientationLandscapeRight";
				LD_RUNPATH_SEARCH_PATHS = (
					"$(inherited)",
					"@executable_path/Frameworks",
				);
				MARKETING_VERSION = 1.0;
				PRODUCT_BUNDLE_IDENTIFIER = Mehdi.TriviaGameDemo;
				PRODUCT_NAME = "$(TARGET_NAME)";
				SWIFT_EMIT_LOC_STRINGS = YES;
				SWIFT_VERSION = 5.0;
				TARGETED_DEVICE_FAMILY = "1,2";
			};
			name = Debug;
		};
		913050E72A6EE222006D4974 /* Release */ = {
			isa = XCBuildConfiguration;
			buildSettings = {
				ASSETCATALOG_COMPILER_APPICON_NAME = AppIcon;
				ASSETCATALOG_COMPILER_GLOBAL_ACCENT_COLOR_NAME = AccentColor;
				CODE_SIGN_STYLE = Automatic;
				CURRENT_PROJECT_VERSION = 1;
				DEVELOPMENT_ASSET_PATHS = "\"TriviaGameDemo/Preview Content\"";
				DEVELOPMENT_TEAM = ZR5RJD7Z9T;
				ENABLE_PREVIEWS = YES;
				GENERATE_INFOPLIST_FILE = YES;
				INFOPLIST_KEY_UIApplicationSceneManifest_Generation = YES;
				INFOPLIST_KEY_UIApplicationSupportsIndirectInputEvents = YES;
				INFOPLIST_KEY_UILaunchScreen_Generation = YES;
				INFOPLIST_KEY_UISupportedInterfaceOrientations_iPad = "UIInterfaceOrientationPortrait UIInterfaceOrientationPortraitUpsideDown UIInterfaceOrientationLandscapeLeft UIInterfaceOrientationLandscapeRight";
				INFOPLIST_KEY_UISupportedInterfaceOrientations_iPhone = "UIInterfaceOrientationPortrait UIInterfaceOrientationLandscapeLeft UIInterfaceOrientationLandscapeRight";
				LD_RUNPATH_SEARCH_PATHS = (
					"$(inherited)",
					"@executable_path/Frameworks",
				);
				MARKETING_VERSION = 1.0;
				PRODUCT_BUNDLE_IDENTIFIER = Mehdi.TriviaGameDemo;
				PRODUCT_NAME = "$(TARGET_NAME)";
				SWIFT_EMIT_LOC_STRINGS = YES;
				SWIFT_VERSION = 5.0;
				TARGETED_DEVICE_FAMILY = "1,2";
			};
			name = Release;
		};
/* End XCBuildConfiguration section */

/* Begin XCConfigurationList section */
		913050D22A6EE220006D4974 /* Build configuration list for PBXProject "TriviaGameDemo" */ = {
			isa = XCConfigurationList;
			buildConfigurations = (
				913050E32A6EE222006D4974 /* Debug */,
				913050E42A6EE222006D4974 /* Release */,
			);
			defaultConfigurationIsVisible = 0;
			defaultConfigurationName = Release;
		};
		913050E52A6EE222006D4974 /* Build configuration list for PBXNativeTarget "TriviaGameDemo" */ = {
			isa = XCConfigurationList;
			buildConfigurations = (
				913050E62A6EE222006D4974 /* Debug */,
				913050E72A6EE222006D4974 /* Release */,
			);
			defaultConfigurationIsVisible = 0;
			defaultConfigurationName = Release;
		};
/* End XCConfigurationList section */
	};
	rootObject = 913050CF2A6EE220006D4974 /* Project object */;
}
